
Microsoft Visual Studio Solution File, Format Version 12.00
# Visual Studio Version 17
VisualStudioVersion = 17.2.32616.157
MinimumVisualStudioVersion = 10.0.40219.1
Project("{2150E333-8FDC-42A3-9474-1A3956D46DE8}") = "Loging_and_tracing", "Loging_and_tracing", "{411D63F7-EC39-43A5-9343-A2588611F02F}"
EndProject
Project("{9A19103F-16F7-4668-BE54-9A1E7A4F7556}") = "EventSourceDemo", "EventSourceDemo\EventSourceDemo.csproj", "{84C59EF4-55C2-4FAD-9101-AEF2D5751F0A}"
EndProject
Project("{9A19103F-16F7-4668-BE54-9A1E7A4F7556}") = "MetricDemo", "MetricDemo\MetricDemo.csproj", "{74408152-0497-4032-BCEC-6D3583775CA0}"
EndProject
Project("{9A19103F-16F7-4668-BE54-9A1E7A4F7556}") = "DiagnosticScenarios", "DiagnosticScenarios\DiagnosticScenarios.csproj", "{A3B94C4F-7CDE-4170-ACED-0B94EA9EBB84}"
EndProject
Global
	GlobalSection(SolutionConfigurationPlatforms) = preSolution
		Debug|Any CPU = Debug|Any CPU
		Release|Any CPU = Release|Any CPU
	EndGlobalSection
	GlobalSection(ProjectConfigurationPlatforms) = postSolution
		{84C59EF4-55C2-4FAD-9101-AEF2D5751F0A}.Debug|Any CPU.ActiveCfg = Debug|Any CPU
		{84C59EF4-55C2-4FAD-9101-AEF2D5751F0A}.Debug|Any CPU.Build.0 = Debug|Any CPU
		{84C59EF4-55C2-4FAD-9101-AEF2D5751F0A}.Release|Any CPU.ActiveCfg = Release|Any CPU
		{84C59EF4-55C2-4FAD-9101-AEF2D5751F0A}.Release|Any CPU.Build.0 = Release|Any CPU
		{74408152-0497-4032-BCEC-6D3583775CA0}.Debug|Any CPU.ActiveCfg = Debug|Any CPU
		{74408152-0497-4032-BCEC-6D3583775CA0}.Debug|Any CPU.Build.0 = Debug|Any CPU
		{74408152-0497-4032-BCEC-6D3583775CA0}.Release|Any CPU.ActiveCfg = Release|Any CPU
		{74408152-0497-4032-BCEC-6D3583775CA0}.Release|Any CPU.Build.0 = Release|Any CPU
		{A3B94C4F-7CDE-4170-ACED-0B94EA9EBB84}.Debug|Any CPU.ActiveCfg = Debug|Any CPU
		{A3B94C4F-7CDE-4170-ACED-0B94EA9EBB84}.Debug|Any CPU.Build.0 = Debug|Any CPU
		{A3B94C4F-7CDE-4170-ACED-0B94EA9EBB84}.Release|Any CPU.ActiveCfg = Release|Any CPU
		{A3B94C4F-7CDE-4170-ACED-0B94EA9EBB84}.Release|Any CPU.Build.0 = Release|Any CPU
	EndGlobalSection
	GlobalSection(SolutionProperties) = preSolution
		HideSolutionNode = FALSE
	EndGlobalSection
	GlobalSection(NestedProjects) = preSolution
		{84C59EF4-55C2-4FAD-9101-AEF2D5751F0A} = {411D63F7-EC39-43A5-9343-A2588611F02F}
		{74408152-0497-4032-BCEC-6D3583775CA0} = {411D63F7-EC39-43A5-9343-A2588611F02F}
		{A3B94C4F-7CDE-4170-ACED-0B94EA9EBB84} = {411D63F7-EC39-43A5-9343-A2588611F02F}
	EndGlobalSection
	GlobalSection(ExtensibilityGlobals) = postSolution
		SolutionGuid = {79112C61-F7EB-4A2C-AA6C-6F9093432734}
	EndGlobalSection
EndGlobal
